
Microsoft Visual Studio Solution File, Format Version 12.00
# Visual Studio 14
VisualStudioVersion = 14.0.25420.1
MinimumVisualStudioVersion = 10.0.40219.1
Project("{FAE04EC0-301F-11D3-BF4B-00C04F79EFBC}") = "CodePlusXaml2.Droid", "CodePlusXaml2\CodePlusXaml2.Droid\CodePlusXaml2.Droid.csproj", "{26646296-F79E-4D16-80E1-E9A7223A24AB}"
EndProject
Project("{FAE04EC0-301F-11D3-BF4B-00C04F79EFBC}") = "CodePlusXaml2.iOS", "CodePlusXaml2\CodePlusXaml2.iOS\CodePlusXaml2.iOS.csproj", "{40135FF7-9BA9-4940-A98A-68AE7DF382B5}"
EndProject
Project("{FAE04EC0-301F-11D3-BF4B-00C04F79EFBC}") = "CodePlusXaml2.WinPhone", "CodePlusXaml2\CodePlusXaml2.WinPhone\CodePlusXaml2.WinPhone.csproj", "{98AA1343-DFFB-488E-B9D5-30B37C8AB791}"
EndProject
Project("{FAE04EC0-301F-11D3-BF4B-00C04F79EFBC}") = "CodePlusXaml2.UWP", "CodePlusXaml2\CodePlusXaml2.UWP\CodePlusXaml2.UWP.csproj", "{07B966A5-E79C-4074-B324-D794AC262FBE}"
EndProject
Project("{FAE04EC0-301F-11D3-BF4B-00C04F79EFBC}") = "CodePlusXaml2.Windows", "CodePlusXaml2\CodePlusXaml2.Windows\CodePlusXaml2.Windows.csproj", "{8C775878-DFE6-4A66-8A71-7DFD5A4B74AD}"
EndProject
Project("{FAE04EC0-301F-11D3-BF4B-00C04F79EFBC}") = "CodePlusXaml2", "CodePlusXaml2\CodePlusXaml2\CodePlusXaml2.csproj", "{24CEEB93-5625-4569-B125-3E59BF9A8929}"
EndProject
Global
	GlobalSection(SolutionConfigurationPlatforms) = preSolution
		Ad-Hoc|Any CPU = Ad-Hoc|Any CPU
		Ad-Hoc|ARM = Ad-Hoc|ARM
		Ad-Hoc|iPhone = Ad-Hoc|iPhone
		Ad-Hoc|iPhoneSimulator = Ad-Hoc|iPhoneSimulator
		Ad-Hoc|x64 = Ad-Hoc|x64
		Ad-Hoc|x86 = Ad-Hoc|x86
		AppStore|Any CPU = AppStore|Any CPU
		AppStore|ARM = AppStore|ARM
		AppStore|iPhone = AppStore|iPhone
		AppStore|iPhoneSimulator = AppStore|iPhoneSimulator
		AppStore|x64 = AppStore|x64
		AppStore|x86 = AppStore|x86
		Debug|Any CPU = Debug|Any CPU
		Debug|ARM = Debug|ARM
		Debug|iPhone = Debug|iPhone
		Debug|iPhoneSimulator = Debug|iPhoneSimulator
		Debug|x64 = Debug|x64
		Debug|x86 = Debug|x86
		Release|Any CPU = Release|Any CPU
		Release|ARM = Release|ARM
		Release|iPhone = Release|iPhone
		Release|iPhoneSimulator = Release|iPhoneSimulator
		Release|x64 = Release|x64
		Release|x86 = Release|x86
	EndGlobalSection
	GlobalSection(ProjectConfigurationPlatforms) = postSolution
		{26646296-F79E-4D16-80E1-E9A7223A24AB}.Ad-Hoc|Any CPU.ActiveCfg = Release|Any CPU
		{26646296-F79E-4D16-80E1-E9A7223A24AB}.Ad-Hoc|Any CPU.Build.0 = Release|Any CPU
		{26646296-F79E-4D16-80E1-E9A7223A24AB}.Ad-Hoc|Any CPU.Deploy.0 = Release|Any CPU
		{26646296-F79E-4D16-80E1-E9A7223A24AB}.Ad-Hoc|ARM.ActiveCfg = Release|Any CPU
		{26646296-F79E-4D16-80E1-E9A7223A24AB}.Ad-Hoc|ARM.Build.0 = Release|Any CPU
		{26646296-F79E-4D16-80E1-E9A7223A24AB}.Ad-Hoc|ARM.Deploy.0 = Release|Any CPU
		{26646296-F79E-4D16-80E1-E9A7223A24AB}.Ad-Hoc|iPhone.ActiveCfg = Release|Any CPU
		{26646296-F79E-4D16-80E1-E9A7223A24AB}.Ad-Hoc|iPhone.Build.0 = Release|Any CPU
		{26646296-F79E-4D16-80E1-E9A7223A24AB}.Ad-Hoc|iPhone.Deploy.0 = Release|Any CPU
		{26646296-F79E-4D16-80E1-E9A7223A24AB}.Ad-Hoc|iPhoneSimulator.ActiveCfg = Release|Any CPU
		{26646296-F79E-4D16-80E1-E9A7223A24AB}.Ad-Hoc|iPhoneSimulator.Build.0 = Release|Any CPU
		{26646296-F79E-4D16-80E1-E9A7223A24AB}.Ad-Hoc|iPhoneSimulator.Deploy.0 = Release|Any CPU
		{26646296-F79E-4D16-80E1-E9A7223A24AB}.Ad-Hoc|x64.ActiveCfg = Release|Any CPU
		{26646296-F79E-4D16-80E1-E9A7223A24AB}.Ad-Hoc|x64.Build.0 = Release|Any CPU
		{26646296-F79E-4D16-80E1-E9A7223A24AB}.Ad-Hoc|x64.Deploy.0 = Release|Any CPU
		{26646296-F79E-4D16-80E1-E9A7223A24AB}.Ad-Hoc|x86.ActiveCfg = Release|Any CPU
		{26646296-F79E-4D16-80E1-E9A7223A24AB}.Ad-Hoc|x86.Build.0 = Release|Any CPU
		{26646296-F79E-4D16-80E1-E9A7223A24AB}.Ad-Hoc|x86.Deploy.0 = Release|Any CPU
		{26646296-F79E-4D16-80E1-E9A7223A24AB}.AppStore|Any CPU.ActiveCfg = Release|Any CPU
		{26646296-F79E-4D16-80E1-E9A7223A24AB}.AppStore|Any CPU.Build.0 = Release|Any CPU
		{26646296-F79E-4D16-80E1-E9A7223A24AB}.AppStore|Any CPU.Deploy.0 = Release|Any CPU
		{26646296-F79E-4D16-80E1-E9A7223A24AB}.AppStore|ARM.ActiveCfg = Release|Any CPU
		{26646296-F79E-4D16-80E1-E9A7223A24AB}.AppStore|ARM.Build.0 = Release|Any CPU
		{26646296-F79E-4D16-80E1-E9A7223A24AB}.AppStore|ARM.Deploy.0 = Release|Any CPU
		{26646296-F79E-4D16-80E1-E9A7223A24AB}.AppStore|iPhone.ActiveCfg = Release|Any CPU
		{26646296-F79E-4D16-80E1-E9A7223A24AB}.AppStore|iPhone.Build.0 = Release|Any CPU
		{26646296-F79E-4D16-80E1-E9A7223A24AB}.AppStore|iPhone.Deploy.0 = Release|Any CPU
		{26646296-F79E-4D16-80E1-E9A7223A24AB}.AppStore|iPhoneSimulator.ActiveCfg = Release|Any CPU
		{26646296-F79E-4D16-80E1-E9A7223A24AB}.AppStore|iPhoneSimulator.Build.0 = Release|Any CPU
		{26646296-F79E-4D16-80E1-E9A7223A24AB}.AppStore|iPhoneSimulator.Deploy.0 = Release|Any CPU
		{26646296-F79E-4D16-80E1-E9A7223A24AB}.AppStore|x64.ActiveCfg = Release|Any CPU
		{26646296-F79E-4D16-80E1-E9A7223A24AB}.AppStore|x64.Build.0 = Release|Any CPU
		{26646296-F79E-4D16-80E1-E9A7223A24AB}.AppStore|x64.Deploy.0 = Release|Any CPU
		{26646296-F79E-4D16-80E1-E9A7223A24AB}.AppStore|x86.ActiveCfg = Release|Any CPU
		{26646296-F79E-4D16-80E1-E9A7223A24AB}.AppStore|x86.Build.0 = Release|Any CPU
		{26646296-F79E-4D16-80E1-E9A7223A24AB}.AppStore|x86.Deploy.0 = Release|Any CPU
		{26646296-F79E-4D16-80E1-E9A7223A24AB}.Debug|Any CPU.ActiveCfg = Debug|Any CPU
		{26646296-F79E-4D16-80E1-E9A7223A24AB}.Debug|Any CPU.Build.0 = Debug|Any CPU
		{26646296-F79E-4D16-80E1-E9A7223A24AB}.Debug|Any CPU.Deploy.0 = Debug|Any CPU
		{26646296-F79E-4D16-80E1-E9A7223A24AB}.Debug|ARM.ActiveCfg = Debug|Any CPU
		{26646296-F79E-4D16-80E1-E9A7223A24AB}.Debug|ARM.Build.0 = Debug|Any CPU
		{26646296-F79E-4D16-80E1-E9A7223A24AB}.Debug|ARM.Deploy.0 = Debug|Any CPU
		{26646296-F79E-4D16-80E1-E9A7223A24AB}.Debug|iPhone.ActiveCfg = Debug|Any CPU
		{26646296-F79E-4D16-80E1-E9A7223A24AB}.Debug|iPhone.Build.0 = Debug|Any CPU
		{26646296-F79E-4D16-80E1-E9A7223A24AB}.Debug|iPhone.Deploy.0 = Debug|Any CPU
		{26646296-F79E-4D16-80E1-E9A7223A24AB}.Debug|iPhoneSimulator.ActiveCfg = Debug|Any CPU
		{26646296-F79E-4D16-80E1-E9A7223A24AB}.Debug|iPhoneSimulator.Build.0 = Debug|Any CPU
		{26646296-F79E-4D16-80E1-E9A7223A24AB}.Debug|iPhoneSimulator.Deploy.0 = Debug|Any CPU
		{26646296-F79E-4D16-80E1-E9A7223A24AB}.Debug|x64.ActiveCfg = Debug|Any CPU
		{26646296-F79E-4D16-80E1-E9A7223A24AB}.Debug|x64.Build.0 = Debug|Any CPU
		{26646296-F79E-4D16-80E1-E9A7223A24AB}.Debug|x64.Deploy.0 = Debug|Any CPU
		{26646296-F79E-4D16-80E1-E9A7223A24AB}.Debug|x86.ActiveCfg = Debug|Any CPU
		{26646296-F79E-4D16-80E1-E9A7223A24AB}.Debug|x86.Build.0 = Debug|Any CPU
		{26646296-F79E-4D16-80E1-E9A7223A24AB}.Debug|x86.Deploy.0 = Debug|Any CPU
		{26646296-F79E-4D16-80E1-E9A7223A24AB}.Release|Any CPU.ActiveCfg = Release|Any CPU
		{26646296-F79E-4D16-80E1-E9A7223A24AB}.Release|Any CPU.Build.0 = Release|Any CPU
		{26646296-F79E-4D16-80E1-E9A7223A24AB}.Release|Any CPU.Deploy.0 = Release|Any CPU
		{26646296-F79E-4D16-80E1-E9A7223A24AB}.Release|ARM.ActiveCfg = Release|Any CPU
		{26646296-F79E-4D16-80E1-E9A7223A24AB}.Release|ARM.Build.0 = Release|Any CPU
		{26646296-F79E-4D16-80E1-E9A7223A24AB}.Release|ARM.Deploy.0 = Release|Any CPU
		{26646296-F79E-4D16-80E1-E9A7223A24AB}.Release|iPhone.ActiveCfg = Release|Any CPU
		{26646296-F79E-4D16-80E1-E9A7223A24AB}.Release|iPhone.Build.0 = Release|Any CPU
		{26646296-F79E-4D16-80E1-E9A7223A24AB}.Release|iPhone.Deploy.0 = Release|Any CPU
		{26646296-F79E-4D16-80E1-E9A7223A24AB}.Release|iPhoneSimulator.ActiveCfg = Release|Any CPU
		{26646296-F79E-4D16-80E1-E9A7223A24AB}.Release|iPhoneSimulator.Build.0 = Release|Any CPU
		{26646296-F79E-4D16-80E1-E9A7223A24AB}.Release|iPhoneSimulator.Deploy.0 = Release|Any CPU
		{26646296-F79E-4D16-80E1-E9A7223A24AB}.Release|x64.ActiveCfg = Release|Any CPU
		{26646296-F79E-4D16-80E1-E9A7223A24AB}.Release|x64.Build.0 = Release|Any CPU
		{26646296-F79E-4D16-80E1-E9A7223A24AB}.Release|x64.Deploy.0 = Release|Any CPU
		{26646296-F79E-4D16-80E1-E9A7223A24AB}.Release|x86.ActiveCfg = Release|Any CPU
		{26646296-F79E-4D16-80E1-E9A7223A24AB}.Release|x86.Build.0 = Release|Any CPU
		{26646296-F79E-4D16-80E1-E9A7223A24AB}.Release|x86.Deploy.0 = Release|Any CPU
		{40135FF7-9BA9-4940-A98A-68AE7DF382B5}.Ad-Hoc|Any CPU.ActiveCfg = Ad-Hoc|iPhone
		{40135FF7-9BA9-4940-A98A-68AE7DF382B5}.Ad-Hoc|ARM.ActiveCfg = Ad-Hoc|iPhone
		{40135FF7-9BA9-4940-A98A-68AE7DF382B5}.Ad-Hoc|iPhone.ActiveCfg = Ad-Hoc|iPhone
		{40135FF7-9BA9-4940-A98A-68AE7DF382B5}.Ad-Hoc|iPhone.Build.0 = Ad-Hoc|iPhone
		{40135FF7-9BA9-4940-A98A-68AE7DF382B5}.Ad-Hoc|iPhoneSimulator.ActiveCfg = Ad-Hoc|iPhoneSimulator
		{40135FF7-9BA9-4940-A98A-68AE7DF382B5}.Ad-Hoc|iPhoneSimulator.Build.0 = Ad-Hoc|iPhoneSimulator
		{40135FF7-9BA9-4940-A98A-68AE7DF382B5}.Ad-Hoc|x64.ActiveCfg = Ad-Hoc|iPhone
		{40135FF7-9BA9-4940-A98A-68AE7DF382B5}.Ad-Hoc|x86.ActiveCfg = Ad-Hoc|iPhone
		{40135FF7-9BA9-4940-A98A-68AE7DF382B5}.AppStore|Any CPU.ActiveCfg = AppStore|iPhone
		{40135FF7-9BA9-4940-A98A-68AE7DF382B5}.AppStore|ARM.ActiveCfg = AppStore|iPhone
		{40135FF7-9BA9-4940-A98A-68AE7DF382B5}.AppStore|iPhone.ActiveCfg = AppStore|iPhone
		{40135FF7-9BA9-4940-A98A-68AE7DF382B5}.AppStore|iPhone.Build.0 = AppStore|iPhone
		{40135FF7-9BA9-4940-A98A-68AE7DF382B5}.AppStore|iPhoneSimulator.ActiveCfg = AppStore|iPhoneSimulator
		{40135FF7-9BA9-4940-A98A-68AE7DF382B5}.AppStore|iPhoneSimulator.Build.0 = AppStore|iPhoneSimulator
		{40135FF7-9BA9-4940-A98A-68AE7DF382B5}.AppStore|x64.ActiveCfg = AppStore|iPhone
		{40135FF7-9BA9-4940-A98A-68AE7DF382B5}.AppStore|x86.ActiveCfg = AppStore|iPhone
		{40135FF7-9BA9-4940-A98A-68AE7DF382B5}.Debug|Any CPU.ActiveCfg = Debug|iPhone
		{40135FF7-9BA9-4940-A98A-68AE7DF382B5}.Debug|ARM.ActiveCfg = Debug|iPhone
		{40135FF7-9BA9-4940-A98A-68AE7DF382B5}.Debug|iPhone.ActiveCfg = Debug|iPhone
		{40135FF7-9BA9-4940-A98A-68AE7DF382B5}.Debug|iPhone.Build.0 = Debug|iPhone
		{40135FF7-9BA9-4940-A98A-68AE7DF382B5}.Debug|iPhoneSimulator.ActiveCfg = Debug|iPhoneSimulator
		{40135FF7-9BA9-4940-A98A-68AE7DF382B5}.Debug|iPhoneSimulator.Build.0 = Debug|iPhoneSimulator
		{40135FF7-9BA9-4940-A98A-68AE7DF382B5}.Debug|x64.ActiveCfg = Debug|iPhone
		{40135FF7-9BA9-4940-A98A-68AE7DF382B5}.Debug|x86.ActiveCfg = Debug|iPhone
		{40135FF7-9BA9-4940-A98A-68AE7DF382B5}.Release|Any CPU.ActiveCfg = Release|iPhone
		{40135FF7-9BA9-4940-A98A-68AE7DF382B5}.Release|ARM.ActiveCfg = Release|iPhone
		{40135FF7-9BA9-4940-A98A-68AE7DF382B5}.Release|iPhone.ActiveCfg = Release|iPhone
		{40135FF7-9BA9-4940-A98A-68AE7DF382B5}.Release|iPhone.Build.0 = Release|iPhone
		{40135FF7-9BA9-4940-A98A-68AE7DF382B5}.Release|iPhoneSimulator.ActiveCfg = Release|iPhoneSimulator
		{40135FF7-9BA9-4940-A98A-68AE7DF382B5}.Release|iPhoneSimulator.Build.0 = Release|iPhoneSimulator
		{40135FF7-9BA9-4940-A98A-68AE7DF382B5}.Release|x64.ActiveCfg = Release|iPhone
		{40135FF7-9BA9-4940-A98A-68AE7DF382B5}.Release|x86.ActiveCfg = Release|iPhone
		{98AA1343-DFFB-488E-B9D5-30B37C8AB791}.Ad-Hoc|Any CPU.ActiveCfg = Release|Any CPU
		{98AA1343-DFFB-488E-B9D5-30B37C8AB791}.Ad-Hoc|Any CPU.Build.0 = Release|Any CPU
		{98AA1343-DFFB-488E-B9D5-30B37C8AB791}.Ad-Hoc|Any CPU.Deploy.0 = Release|Any CPU
		{98AA1343-DFFB-488E-B9D5-30B37C8AB791}.Ad-Hoc|ARM.ActiveCfg = Release|ARM
		{98AA1343-DFFB-488E-B9D5-30B37C8AB791}.Ad-Hoc|ARM.Build.0 = Release|ARM
		{98AA1343-DFFB-488E-B9D5-30B37C8AB791}.Ad-Hoc|ARM.Deploy.0 = Release|ARM
		{98AA1343-DFFB-488E-B9D5-30B37C8AB791}.Ad-Hoc|iPhone.ActiveCfg = Release|Any CPU
		{98AA1343-DFFB-488E-B9D5-30B37C8AB791}.Ad-Hoc|iPhone.Build.0 = Release|Any CPU
		{98AA1343-DFFB-488E-B9D5-30B37C8AB791}.Ad-Hoc|iPhone.Deploy.0 = Release|Any CPU
		{98AA1343-DFFB-488E-B9D5-30B37C8AB791}.Ad-Hoc|iPhoneSimulator.ActiveCfg = Release|Any CPU
		{98AA1343-DFFB-488E-B9D5-30B37C8AB791}.Ad-Hoc|iPhoneSimulator.Build.0 = Release|Any CPU
		{98AA1343-DFFB-488E-B9D5-30B37C8AB791}.Ad-Hoc|iPhoneSimulator.Deploy.0 = Release|Any CPU
		{98AA1343-DFFB-488E-B9D5-30B37C8AB791}.Ad-Hoc|x64.ActiveCfg = Release|Any CPU
		{98AA1343-DFFB-488E-B9D5-30B37C8AB791}.Ad-Hoc|x64.Build.0 = Release|Any CPU
		{98AA1343-DFFB-488E-B9D5-30B37C8AB791}.Ad-Hoc|x64.Deploy.0 = Release|Any CPU
		{98AA1343-DFFB-488E-B9D5-30B37C8AB791}.Ad-Hoc|x86.ActiveCfg = Release|x86
		{98AA1343-DFFB-488E-B9D5-30B37C8AB791}.Ad-Hoc|x86.Build.0 = Release|x86
		{98AA1343-DFFB-488E-B9D5-30B37C8AB791}.Ad-Hoc|x86.Deploy.0 = Release|x86
		{98AA1343-DFFB-488E-B9D5-30B37C8AB791}.AppStore|Any CPU.ActiveCfg = Release|Any CPU
		{98AA1343-DFFB-488E-B9D5-30B37C8AB791}.AppStore|Any CPU.Build.0 = Release|Any CPU
		{98AA1343-DFFB-488E-B9D5-30B37C8AB791}.AppStore|Any CPU.Deploy.0 = Release|Any CPU
		{98AA1343-DFFB-488E-B9D5-30B37C8AB791}.AppStore|ARM.ActiveCfg = Release|ARM
		{98AA1343-DFFB-488E-B9D5-30B37C8AB791}.AppStore|ARM.Build.0 = Release|ARM
		{98AA1343-DFFB-488E-B9D5-30B37C8AB791}.AppStore|ARM.Deploy.0 = Release|ARM
		{98AA1343-DFFB-488E-B9D5-30B37C8AB791}.AppStore|iPhone.ActiveCfg = Release|Any CPU
		{98AA1343-DFFB-488E-B9D5-30B37C8AB791}.AppStore|iPhone.Build.0 = Release|Any CPU
		{98AA1343-DFFB-488E-B9D5-30B37C8AB791}.AppStore|iPhone.Deploy.0 = Release|Any CPU
		{98AA1343-DFFB-488E-B9D5-30B37C8AB791}.AppStore|iPhoneSimulator.ActiveCfg = Release|Any CPU
		{98AA1343-DFFB-488E-B9D5-30B37C8AB791}.AppStore|iPhoneSimulator.Build.0 = Release|Any CPU
		{98AA1343-DFFB-488E-B9D5-30B37C8AB791}.AppStore|iPhoneSimulator.Deploy.0 = Release|Any CPU
		{98AA1343-DFFB-488E-B9D5-30B37C8AB791}.AppStore|x64.ActiveCfg = Release|Any CPU
		{98AA1343-DFFB-488E-B9D5-30B37C8AB791}.AppStore|x64.Build.0 = Release|Any CPU
		{98AA1343-DFFB-488E-B9D5-30B37C8AB791}.AppStore|x64.Deploy.0 = Release|Any CPU
		{98AA1343-DFFB-488E-B9D5-30B37C8AB791}.AppStore|x86.ActiveCfg = Release|x86
		{98AA1343-DFFB-488E-B9D5-30B37C8AB791}.AppStore|x86.Build.0 = Release|x86
		{98AA1343-DFFB-488E-B9D5-30B37C8AB791}.AppStore|x86.Deploy.0 = Release|x86
		{98AA1343-DFFB-488E-B9D5-30B37C8AB791}.Debug|Any CPU.ActiveCfg = Debug|Any CPU
		{98AA1343-DFFB-488E-B9D5-30B37C8AB791}.Debug|Any CPU.Build.0 = Debug|Any CPU
		{98AA1343-DFFB-488E-B9D5-30B37C8AB791}.Debug|Any CPU.Deploy.0 = Debug|Any CPU
		{98AA1343-DFFB-488E-B9D5-30B37C8AB791}.Debug|ARM.ActiveCfg = Debug|ARM
		{98AA1343-DFFB-488E-B9D5-30B37C8AB791}.Debug|ARM.Build.0 = Debug|ARM
		{98AA1343-DFFB-488E-B9D5-30B37C8AB791}.Debug|ARM.Deploy.0 = Debug|ARM
		{98AA1343-DFFB-488E-B9D5-30B37C8AB791}.Debug|iPhone.ActiveCfg = Debug|Any CPU
		{98AA1343-DFFB-488E-B9D5-30B37C8AB791}.Debug|iPhone.Build.0 = Debug|Any CPU
		{98AA1343-DFFB-488E-B9D5-30B37C8AB791}.Debug|iPhone.Deploy.0 = Debug|Any CPU
		{98AA1343-DFFB-488E-B9D5-30B37C8AB791}.Debug|iPhoneSimulator.ActiveCfg = Debug|Any CPU
		{98AA1343-DFFB-488E-B9D5-30B37C8AB791}.Debug|iPhoneSimulator.Build.0 = Debug|Any CPU
		{98AA1343-DFFB-488E-B9D5-30B37C8AB791}.Debug|iPhoneSimulator.Deploy.0 = Debug|Any CPU
		{98AA1343-DFFB-488E-B9D5-30B37C8AB791}.Debug|x64.ActiveCfg = Debug|Any CPU
		{98AA1343-DFFB-488E-B9D5-30B37C8AB791}.Debug|x64.Build.0 = Debug|Any CPU
		{98AA1343-DFFB-488E-B9D5-30B37C8AB791}.Debug|x64.Deploy.0 = Debug|Any CPU
		{98AA1343-DFFB-488E-B9D5-30B37C8AB791}.Debug|x86.ActiveCfg = Debug|x86
		{98AA1343-DFFB-488E-B9D5-30B37C8AB791}.Debug|x86.Build.0 = Debug|x86
		{98AA1343-DFFB-488E-B9D5-30B37C8AB791}.Debug|x86.Deploy.0 = Debug|x86
		{98AA1343-DFFB-488E-B9D5-30B37C8AB791}.Release|Any CPU.ActiveCfg = Release|Any CPU
		{98AA1343-DFFB-488E-B9D5-30B37C8AB791}.Release|Any CPU.Build.0 = Release|Any CPU
		{98AA1343-DFFB-488E-B9D5-30B37C8AB791}.Release|Any CPU.Deploy.0 = Release|Any CPU
		{98AA1343-DFFB-488E-B9D5-30B37C8AB791}.Release|ARM.ActiveCfg = Release|ARM
		{98AA1343-DFFB-488E-B9D5-30B37C8AB791}.Release|ARM.Build.0 = Release|ARM
		{98AA1343-DFFB-488E-B9D5-30B37C8AB791}.Release|ARM.Deploy.0 = Release|ARM
		{98AA1343-DFFB-488E-B9D5-30B37C8AB791}.Release|iPhone.ActiveCfg = Release|Any CPU
		{98AA1343-DFFB-488E-B9D5-30B37C8AB791}.Release|iPhone.Build.0 = Release|Any CPU
		{98AA1343-DFFB-488E-B9D5-30B37C8AB791}.Release|iPhone.Deploy.0 = Release|Any CPU
		{98AA1343-DFFB-488E-B9D5-30B37C8AB791}.Release|iPhoneSimulator.ActiveCfg = Release|Any CPU
		{98AA1343-DFFB-488E-B9D5-30B37C8AB791}.Release|iPhoneSimulator.Build.0 = Release|Any CPU
		{98AA1343-DFFB-488E-B9D5-30B37C8AB791}.Release|iPhoneSimulator.Deploy.0 = Release|Any CPU
		{98AA1343-DFFB-488E-B9D5-30B37C8AB791}.Release|x64.ActiveCfg = Release|Any CPU
		{98AA1343-DFFB-488E-B9D5-30B37C8AB791}.Release|x64.Build.0 = Release|Any CPU
		{98AA1343-DFFB-488E-B9D5-30B37C8AB791}.Release|x64.Deploy.0 = Release|Any CPU
		{98AA1343-DFFB-488E-B9D5-30B37C8AB791}.Release|x86.ActiveCfg = Release|x86
		{98AA1343-DFFB-488E-B9D5-30B37C8AB791}.Release|x86.Build.0 = Release|x86
		{98AA1343-DFFB-488E-B9D5-30B37C8AB791}.Release|x86.Deploy.0 = Release|x86
		{07B966A5-E79C-4074-B324-D794AC262FBE}.Ad-Hoc|Any CPU.ActiveCfg = Release|x86
		{07B966A5-E79C-4074-B324-D794AC262FBE}.Ad-Hoc|Any CPU.Build.0 = Release|x86
		{07B966A5-E79C-4074-B324-D794AC262FBE}.Ad-Hoc|Any CPU.Deploy.0 = Release|x86
		{07B966A5-E79C-4074-B324-D794AC262FBE}.Ad-Hoc|ARM.ActiveCfg = Release|ARM
		{07B966A5-E79C-4074-B324-D794AC262FBE}.Ad-Hoc|ARM.Build.0 = Release|ARM
		{07B966A5-E79C-4074-B324-D794AC262FBE}.Ad-Hoc|ARM.Deploy.0 = Release|ARM
		{07B966A5-E79C-4074-B324-D794AC262FBE}.Ad-Hoc|iPhone.ActiveCfg = Release|x86
		{07B966A5-E79C-4074-B324-D794AC262FBE}.Ad-Hoc|iPhone.Build.0 = Release|x86
		{07B966A5-E79C-4074-B324-D794AC262FBE}.Ad-Hoc|iPhone.Deploy.0 = Release|x86
		{07B966A5-E79C-4074-B324-D794AC262FBE}.Ad-Hoc|iPhoneSimulator.ActiveCfg = Release|x86
		{07B966A5-E79C-4074-B324-D794AC262FBE}.Ad-Hoc|iPhoneSimulator.Build.0 = Release|x86
		{07B966A5-E79C-4074-B324-D794AC262FBE}.Ad-Hoc|iPhoneSimulator.Deploy.0 = Release|x86
		{07B966A5-E79C-4074-B324-D794AC262FBE}.Ad-Hoc|x64.ActiveCfg = Release|x64
		{07B966A5-E79C-4074-B324-D794AC262FBE}.Ad-Hoc|x64.Build.0 = Release|x64
		{07B966A5-E79C-4074-B324-D794AC262FBE}.Ad-Hoc|x64.Deploy.0 = Release|x64
		{07B966A5-E79C-4074-B324-D794AC262FBE}.Ad-Hoc|x86.ActiveCfg = Release|x86
		{07B966A5-E79C-4074-B324-D794AC262FBE}.Ad-Hoc|x86.Build.0 = Release|x86
		{07B966A5-E79C-4074-B324-D794AC262FBE}.Ad-Hoc|x86.Deploy.0 = Release|x86
		{07B966A5-E79C-4074-B324-D794AC262FBE}.AppStore|Any CPU.ActiveCfg = Release|x86
		{07B966A5-E79C-4074-B324-D794AC262FBE}.AppStore|Any CPU.Build.0 = Release|x86
		{07B966A5-E79C-4074-B324-D794AC262FBE}.AppStore|Any CPU.Deploy.0 = Release|x86
		{07B966A5-E79C-4074-B324-D794AC262FBE}.AppStore|ARM.ActiveCfg = Release|ARM
		{07B966A5-E79C-4074-B324-D794AC262FBE}.AppStore|ARM.Build.0 = Release|ARM
		{07B966A5-E79C-4074-B324-D794AC262FBE}.AppStore|ARM.Deploy.0 = Release|ARM
		{07B966A5-E79C-4074-B324-D794AC262FBE}.AppStore|iPhone.ActiveCfg = Release|x86
		{07B966A5-E79C-4074-B324-D794AC262FBE}.AppStore|iPhone.Build.0 = Release|x86
		{07B966A5-E79C-4074-B324-D794AC262FBE}.AppStore|iPhone.Deploy.0 = Release|x86
		{07B966A5-E79C-4074-B324-D794AC262FBE}.AppStore|iPhoneSimulator.ActiveCfg = Release|x86
		{07B966A5-E79C-4074-B324-D794AC262FBE}.AppStore|iPhoneSimulator.Build.0 = Release|x86
		{07B966A5-E79C-4074-B324-D794AC262FBE}.AppStore|iPhoneSimulator.Deploy.0 = Release|x86
		{07B966A5-E79C-4074-B324-D794AC262FBE}.AppStore|x64.ActiveCfg = Release|x64
		{07B966A5-E79C-4074-B324-D794AC262FBE}.AppStore|x64.Build.0 = Release|x64
		{07B966A5-E79C-4074-B324-D794AC262FBE}.AppStore|x64.Deploy.0 = Release|x64
		{07B966A5-E79C-4074-B324-D794AC262FBE}.AppStore|x86.ActiveCfg = Release|x86
		{07B966A5-E79C-4074-B324-D794AC262FBE}.AppStore|x86.Build.0 = Release|x86
		{07B966A5-E79C-4074-B324-D794AC262FBE}.AppStore|x86.Deploy.0 = Release|x86
		{07B966A5-E79C-4074-B324-D794AC262FBE}.Debug|Any CPU.ActiveCfg = Debug|x86
		{07B966A5-E79C-4074-B324-D794AC262FBE}.Debug|ARM.ActiveCfg = Debug|ARM
		{07B966A5-E79C-4074-B324-D794AC262FBE}.Debug|ARM.Build.0 = Debug|ARM
		{07B966A5-E79C-4074-B324-D794AC262FBE}.Debug|ARM.Deploy.0 = Debug|ARM
		{07B966A5-E79C-4074-B324-D794AC262FBE}.Debug|iPhone.ActiveCfg = Debug|x86
		{07B966A5-E79C-4074-B324-D794AC262FBE}.Debug|iPhoneSimulator.ActiveCfg = Debug|x86
		{07B966A5-E79C-4074-B324-D794AC262FBE}.Debug|x64.ActiveCfg = Debug|x64
		{07B966A5-E79C-4074-B324-D794AC262FBE}.Debug|x64.Build.0 = Debug|x64
		{07B966A5-E79C-4074-B324-D794AC262FBE}.Debug|x64.Deploy.0 = Debug|x64
		{07B966A5-E79C-4074-B324-D794AC262FBE}.Debug|x86.ActiveCfg = Debug|x86
		{07B966A5-E79C-4074-B324-D794AC262FBE}.Debug|x86.Build.0 = Debug|x86
		{07B966A5-E79C-4074-B324-D794AC262FBE}.Debug|x86.Deploy.0 = Debug|x86
		{07B966A5-E79C-4074-B324-D794AC262FBE}.Release|Any CPU.ActiveCfg = Release|x86
		{07B966A5-E79C-4074-B324-D794AC262FBE}.Release|ARM.ActiveCfg = Release|ARM
		{07B966A5-E79C-4074-B324-D794AC262FBE}.Release|ARM.Build.0 = Release|ARM
		{07B966A5-E79C-4074-B324-D794AC262FBE}.Release|ARM.Deploy.0 = Release|ARM
		{07B966A5-E79C-4074-B324-D794AC262FBE}.Release|iPhone.ActiveCfg = Release|x86
		{07B966A5-E79C-4074-B324-D794AC262FBE}.Release|iPhoneSimulator.ActiveCfg = Release|x86
		{07B966A5-E79C-4074-B324-D794AC262FBE}.Release|x64.ActiveCfg = Release|x64
		{07B966A5-E79C-4074-B324-D794AC262FBE}.Release|x64.Build.0 = Release|x64
		{07B966A5-E79C-4074-B324-D794AC262FBE}.Release|x64.Deploy.0 = Release|x64
		{07B966A5-E79C-4074-B324-D794AC262FBE}.Release|x86.ActiveCfg = Release|x86
		{07B966A5-E79C-4074-B324-D794AC262FBE}.Release|x86.Build.0 = Release|x86
		{07B966A5-E79C-4074-B324-D794AC262FBE}.Release|x86.Deploy.0 = Release|x86
		{8C775878-DFE6-4A66-8A71-7DFD5A4B74AD}.Ad-Hoc|Any CPU.ActiveCfg = Release|Any CPU
		{8C775878-DFE6-4A66-8A71-7DFD5A4B74AD}.Ad-Hoc|Any CPU.Build.0 = Release|Any CPU
		{8C775878-DFE6-4A66-8A71-7DFD5A4B74AD}.Ad-Hoc|Any CPU.Deploy.0 = Release|Any CPU
		{8C775878-DFE6-4A66-8A71-7DFD5A4B74AD}.Ad-Hoc|ARM.ActiveCfg = Release|ARM
		{8C775878-DFE6-4A66-8A71-7DFD5A4B74AD}.Ad-Hoc|ARM.Build.0 = Release|ARM
		{8C775878-DFE6-4A66-8A71-7DFD5A4B74AD}.Ad-Hoc|ARM.Deploy.0 = Release|ARM
		{8C775878-DFE6-4A66-8A71-7DFD5A4B74AD}.Ad-Hoc|iPhone.ActiveCfg = Release|Any CPU
		{8C775878-DFE6-4A66-8A71-7DFD5A4B74AD}.Ad-Hoc|iPhone.Build.0 = Release|Any CPU
		{8C775878-DFE6-4A66-8A71-7DFD5A4B74AD}.Ad-Hoc|iPhone.Deploy.0 = Release|Any CPU
		{8C775878-DFE6-4A66-8A71-7DFD5A4B74AD}.Ad-Hoc|iPhoneSimulator.ActiveCfg = Release|Any CPU
		{8C775878-DFE6-4A66-8A71-7DFD5A4B74AD}.Ad-Hoc|iPhoneSimulator.Build.0 = Release|Any CPU
		{8C775878-DFE6-4A66-8A71-7DFD5A4B74AD}.Ad-Hoc|iPhoneSimulator.Deploy.0 = Release|Any CPU
		{8C775878-DFE6-4A66-8A71-7DFD5A4B74AD}.Ad-Hoc|x64.ActiveCfg = Release|x64
		{8C775878-DFE6-4A66-8A71-7DFD5A4B74AD}.Ad-Hoc|x64.Build.0 = Release|x64
		{8C775878-DFE6-4A66-8A71-7DFD5A4B74AD}.Ad-Hoc|x64.Deploy.0 = Release|x64
		{8C775878-DFE6-4A66-8A71-7DFD5A4B74AD}.Ad-Hoc|x86.ActiveCfg = Release|x86
		{8C775878-DFE6-4A66-8A71-7DFD5A4B74AD}.Ad-Hoc|x86.Build.0 = Release|x86
		{8C775878-DFE6-4A66-8A71-7DFD5A4B74AD}.Ad-Hoc|x86.Deploy.0 = Release|x86
		{8C775878-DFE6-4A66-8A71-7DFD5A4B74AD}.AppStore|Any CPU.ActiveCfg = Release|Any CPU
		{8C775878-DFE6-4A66-8A71-7DFD5A4B74AD}.AppStore|Any CPU.Build.0 = Release|Any CPU
		{8C775878-DFE6-4A66-8A71-7DFD5A4B74AD}.AppStore|Any CPU.Deploy.0 = Release|Any CPU
		{8C775878-DFE6-4A66-8A71-7DFD5A4B74AD}.AppStore|ARM.ActiveCfg = Release|ARM
		{8C775878-DFE6-4A66-8A71-7DFD5A4B74AD}.AppStore|ARM.Build.0 = Release|ARM
		{8C775878-DFE6-4A66-8A71-7DFD5A4B74AD}.AppStore|ARM.Deploy.0 = Release|ARM
		{8C775878-DFE6-4A66-8A71-7DFD5A4B74AD}.AppStore|iPhone.ActiveCfg = Release|Any CPU
		{8C775878-DFE6-4A66-8A71-7DFD5A4B74AD}.AppStore|iPhone.Build.0 = Release|Any CPU
		{8C775878-DFE6-4A66-8A71-7DFD5A4B74AD}.AppStore|iPhone.Deploy.0 = Release|Any CPU
		{8C775878-DFE6-4A66-8A71-7DFD5A4B74AD}.AppStore|iPhoneSimulator.ActiveCfg = Release|Any CPU
		{8C775878-DFE6-4A66-8A71-7DFD5A4B74AD}.AppStore|iPhoneSimulator.Build.0 = Release|Any CPU
		{8C775878-DFE6-4A66-8A71-7DFD5A4B74AD}.AppStore|iPhoneSimulator.Deploy.0 = Release|Any CPU
		{8C775878-DFE6-4A66-8A71-7DFD5A4B74AD}.AppStore|x64.ActiveCfg = Release|x64
		{8C775878-DFE6-4A66-8A71-7DFD5A4B74AD}.AppStore|x64.Build.0 = Release|x64
		{8C775878-DFE6-4A66-8A71-7DFD5A4B74AD}.AppStore|x64.Deploy.0 = Release|x64
		{8C775878-DFE6-4A66-8A71-7DFD5A4B74AD}.AppStore|x86.ActiveCfg = Release|x86
		{8C775878-DFE6-4A66-8A71-7DFD5A4B74AD}.AppStore|x86.Build.0 = Release|x86
		{8C775878-DFE6-4A66-8A71-7DFD5A4B74AD}.AppStore|x86.Deploy.0 = Release|x86
		{8C775878-DFE6-4A66-8A71-7DFD5A4B74AD}.Debug|Any CPU.ActiveCfg = Debug|Any CPU
		{8C775878-DFE6-4A66-8A71-7DFD5A4B74AD}.Debug|Any CPU.Build.0 = Debug|Any CPU
		{8C775878-DFE6-4A66-8A71-7DFD5A4B74AD}.Debug|Any CPU.Deploy.0 = Debug|Any CPU
		{8C775878-DFE6-4A66-8A71-7DFD5A4B74AD}.Debug|ARM.ActiveCfg = Debug|ARM
		{8C775878-DFE6-4A66-8A71-7DFD5A4B74AD}.Debug|ARM.Build.0 = Debug|ARM
		{8C775878-DFE6-4A66-8A71-7DFD5A4B74AD}.Debug|ARM.Deploy.0 = Debug|ARM
		{8C775878-DFE6-4A66-8A71-7DFD5A4B74AD}.Debug|iPhone.ActiveCfg = Debug|Any CPU
		{8C775878-DFE6-4A66-8A71-7DFD5A4B74AD}.Debug|iPhone.Build.0 = Debug|Any CPU
		{8C775878-DFE6-4A66-8A71-7DFD5A4B74AD}.Debug|iPhone.Deploy.0 = Debug|Any CPU
		{8C775878-DFE6-4A66-8A71-7DFD5A4B74AD}.Debug|iPhoneSimulator.ActiveCfg = Debug|Any CPU
		{8C775878-DFE6-4A66-8A71-7DFD5A4B74AD}.Debug|iPhoneSimulator.Build.0 = Debug|Any CPU
		{8C775878-DFE6-4A66-8A71-7DFD5A4B74AD}.Debug|iPhoneSimulator.Deploy.0 = Debug|Any CPU
		{8C775878-DFE6-4A66-8A71-7DFD5A4B74AD}.Debug|x64.ActiveCfg = Debug|x64
		{8C775878-DFE6-4A66-8A71-7DFD5A4B74AD}.Debug|x64.Build.0 = Debug|x64
		{8C775878-DFE6-4A66-8A71-7DFD5A4B74AD}.Debug|x64.Deploy.0 = Debug|x64
		{8C775878-DFE6-4A66-8A71-7DFD5A4B74AD}.Debug|x86.ActiveCfg = Debug|x86
		{8C775878-DFE6-4A66-8A71-7DFD5A4B74AD}.Debug|x86.Build.0 = Debug|x86
		{8C775878-DFE6-4A66-8A71-7DFD5A4B74AD}.Debug|x86.Deploy.0 = Debug|x86
		{8C775878-DFE6-4A66-8A71-7DFD5A4B74AD}.Release|Any CPU.ActiveCfg = Release|Any CPU
		{8C775878-DFE6-4A66-8A71-7DFD5A4B74AD}.Release|Any CPU.Build.0 = Release|Any CPU
		{8C775878-DFE6-4A66-8A71-7DFD5A4B74AD}.Release|Any CPU.Deploy.0 = Release|Any CPU
		{8C775878-DFE6-4A66-8A71-7DFD5A4B74AD}.Release|ARM.ActiveCfg = Release|ARM
		{8C775878-DFE6-4A66-8A71-7DFD5A4B74AD}.Release|ARM.Build.0 = Release|ARM
		{8C775878-DFE6-4A66-8A71-7DFD5A4B74AD}.Release|ARM.Deploy.0 = Release|ARM
		{8C775878-DFE6-4A66-8A71-7DFD5A4B74AD}.Release|iPhone.ActiveCfg = Release|Any CPU
		{8C775878-DFE6-4A66-8A71-7DFD5A4B74AD}.Release|iPhone.Build.0 = Release|Any CPU
		{8C775878-DFE6-4A66-8A71-7DFD5A4B74AD}.Release|iPhone.Deploy.0 = Release|Any CPU
		{8C775878-DFE6-4A66-8A71-7DFD5A4B74AD}.Release|iPhoneSimulator.ActiveCfg = Release|Any CPU
		{8C775878-DFE6-4A66-8A71-7DFD5A4B74AD}.Release|iPhoneSimulator.Build.0 = Release|Any CPU
		{8C775878-DFE6-4A66-8A71-7DFD5A4B74AD}.Release|iPhoneSimulator.Deploy.0 = Release|Any CPU
		{8C775878-DFE6-4A66-8A71-7DFD5A4B74AD}.Release|x64.ActiveCfg = Release|x64
		{8C775878-DFE6-4A66-8A71-7DFD5A4B74AD}.Release|x64.Build.0 = Release|x64
		{8C775878-DFE6-4A66-8A71-7DFD5A4B74AD}.Release|x64.Deploy.0 = Release|x64
		{8C775878-DFE6-4A66-8A71-7DFD5A4B74AD}.Release|x86.ActiveCfg = Release|x86
		{8C775878-DFE6-4A66-8A71-7DFD5A4B74AD}.Release|x86.Build.0 = Release|x86
		{8C775878-DFE6-4A66-8A71-7DFD5A4B74AD}.Release|x86.Deploy.0 = Release|x86
		{24CEEB93-5625-4569-B125-3E59BF9A8929}.Ad-Hoc|Any CPU.ActiveCfg = Release|Any CPU
		{24CEEB93-5625-4569-B125-3E59BF9A8929}.Ad-Hoc|Any CPU.Build.0 = Release|Any CPU
		{24CEEB93-5625-4569-B125-3E59BF9A8929}.Ad-Hoc|ARM.ActiveCfg = Release|Any CPU
		{24CEEB93-5625-4569-B125-3E59BF9A8929}.Ad-Hoc|ARM.Build.0 = Release|Any CPU
		{24CEEB93-5625-4569-B125-3E59BF9A8929}.Ad-Hoc|iPhone.ActiveCfg = Release|Any CPU
		{24CEEB93-5625-4569-B125-3E59BF9A8929}.Ad-Hoc|iPhone.Build.0 = Release|Any CPU
		{24CEEB93-5625-4569-B125-3E59BF9A8929}.Ad-Hoc|iPhoneSimulator.ActiveCfg = Release|Any CPU
		{24CEEB93-5625-4569-B125-3E59BF9A8929}.Ad-Hoc|iPhoneSimulator.Build.0 = Release|Any CPU
		{24CEEB93-5625-4569-B125-3E59BF9A8929}.Ad-Hoc|x64.ActiveCfg = Release|Any CPU
		{24CEEB93-5625-4569-B125-3E59BF9A8929}.Ad-Hoc|x64.Build.0 = Release|Any CPU
		{24CEEB93-5625-4569-B125-3E59BF9A8929}.Ad-Hoc|x86.ActiveCfg = Release|Any CPU
		{24CEEB93-5625-4569-B125-3E59BF9A8929}.Ad-Hoc|x86.Build.0 = Release|Any CPU
		{24CEEB93-5625-4569-B125-3E59BF9A8929}.AppStore|Any CPU.ActiveCfg = Release|Any CPU
		{24CEEB93-5625-4569-B125-3E59BF9A8929}.AppStore|Any CPU.Build.0 = Release|Any CPU
		{24CEEB93-5625-4569-B125-3E59BF9A8929}.AppStore|ARM.ActiveCfg = Release|Any CPU
		{24CEEB93-5625-4569-B125-3E59BF9A8929}.AppStore|ARM.Build.0 = Release|Any CPU
		{24CEEB93-5625-4569-B125-3E59BF9A8929}.AppStore|iPhone.ActiveCfg = Release|Any CPU
		{24CEEB93-5625-4569-B125-3E59BF9A8929}.AppStore|iPhone.Build.0 = Release|Any CPU
		{24CEEB93-5625-4569-B125-3E59BF9A8929}.AppStore|iPhoneSimulator.ActiveCfg = Release|Any CPU
		{24CEEB93-5625-4569-B125-3E59BF9A8929}.AppStore|iPhoneSimulator.Build.0 = Release|Any CPU
		{24CEEB93-5625-4569-B125-3E59BF9A8929}.AppStore|x64.ActiveCfg = Release|Any CPU
		{24CEEB93-5625-4569-B125-3E59BF9A8929}.AppStore|x64.Build.0 = Release|Any CPU
		{24CEEB93-5625-4569-B125-3E59BF9A8929}.AppStore|x86.ActiveCfg = Release|Any CPU
		{24CEEB93-5625-4569-B125-3E59BF9A8929}.AppStore|x86.Build.0 = Release|Any CPU
		{24CEEB93-5625-4569-B125-3E59BF9A8929}.Debug|Any CPU.ActiveCfg = Debug|Any CPU
		{24CEEB93-5625-4569-B125-3E59BF9A8929}.Debug|Any CPU.Build.0 = Debug|Any CPU
		{24CEEB93-5625-4569-B125-3E59BF9A8929}.Debug|ARM.ActiveCfg = Debug|Any CPU
		{24CEEB93-5625-4569-B125-3E59BF9A8929}.Debug|ARM.Build.0 = Debug|Any CPU
		{24CEEB93-5625-4569-B125-3E59BF9A8929}.Debug|iPhone.ActiveCfg = Debug|Any CPU
		{24CEEB93-5625-4569-B125-3E59BF9A8929}.Debug|iPhone.Build.0 = Debug|Any CPU
		{24CEEB93-5625-4569-B125-3E59BF9A8929}.Debug|iPhoneSimulator.ActiveCfg = Debug|Any CPU
		{24CEEB93-5625-4569-B125-3E59BF9A8929}.Debug|iPhoneSimulator.Build.0 = Debug|Any CPU
		{24CEEB93-5625-4569-B125-3E59BF9A8929}.Debug|x64.ActiveCfg = Debug|Any CPU
		{24CEEB93-5625-4569-B125-3E59BF9A8929}.Debug|x64.Build.0 = Debug|Any CPU
		{24CEEB93-5625-4569-B125-3E59BF9A8929}.Debug|x86.ActiveCfg = Debug|Any CPU
		{24CEEB93-5625-4569-B125-3E59BF9A8929}.Debug|x86.Build.0 = Debug|Any CPU
		{24CEEB93-5625-4569-B125-3E59BF9A8929}.Release|Any CPU.ActiveCfg = Release|Any CPU
		{24CEEB93-5625-4569-B125-3E59BF9A8929}.Release|Any CPU.Build.0 = Release|Any CPU
		{24CEEB93-5625-4569-B125-3E59BF9A8929}.Release|ARM.ActiveCfg = Release|Any CPU
		{24CEEB93-5625-4569-B125-3E59BF9A8929}.Release|ARM.Build.0 = Release|Any CPU
		{24CEEB93-5625-4569-B125-3E59BF9A8929}.Release|iPhone.ActiveCfg = Release|Any CPU
		{24CEEB93-5625-4569-B125-3E59BF9A8929}.Release|iPhone.Build.0 = Release|Any CPU
		{24CEEB93-5625-4569-B125-3E59BF9A8929}.Release|iPhoneSimulator.ActiveCfg = Release|Any CPU
		{24CEEB93-5625-4569-B125-3E59BF9A8929}.Release|iPhoneSimulator.Build.0 = Release|Any CPU
		{24CEEB93-5625-4569-B125-3E59BF9A8929}.Release|x64.ActiveCfg = Release|Any CPU
		{24CEEB93-5625-4569-B125-3E59BF9A8929}.Release|x64.Build.0 = Release|Any CPU
		{24CEEB93-5625-4569-B125-3E59BF9A8929}.Release|x86.ActiveCfg = Release|Any CPU
		{24CEEB93-5625-4569-B125-3E59BF9A8929}.Release|x86.Build.0 = Release|Any CPU
	EndGlobalSection
	GlobalSection(SolutionProperties) = preSolution
		HideSolutionNode = FALSE
	EndGlobalSection
EndGlobal
